
Microsoft Visual Studio Solution File, Format Version 12.00
# Visual Studio 14
VisualStudioVersion = 14.0.24720.0
MinimumVisualStudioVersion = 10.0.40219.1
Project("{FAE04EC0-301F-11D3-BF4B-00C04F79EFBC}") = "Traits.xUnit", "Traits.xUnit\Traits.xUnit.csproj", "{A6F5A286-BA47-448A-A9D1-749C0E063FF0}"
EndProject
Project("{FAE04EC0-301F-11D3-BF4B-00C04F79EFBC}") = "Categories.MsTest", "Categories.MsTest\Categories.MsTest.csproj", "{B1C341F8-F62C-48BE-A657-87E504A149DC}"
EndProject
Project("{FAE04EC0-301F-11D3-BF4B-00C04F79EFBC}") = "Categories.nUnit", "Categories.nUnit\Categories.nUnit.csproj", "{35BC06E6-8BCB-4EEB-B2AF-947BCE0BED39}"
EndProject
Global
	GlobalSection(SolutionConfigurationPlatforms) = preSolution
		Debug|Any CPU = Debug|Any CPU
		Release|Any CPU = Release|Any CPU
	EndGlobalSection
	GlobalSection(ProjectConfigurationPlatforms) = postSolution
		{A6F5A286-BA47-448A-A9D1-749C0E063FF0}.Debug|Any CPU.ActiveCfg = Debug|Any CPU
		{A6F5A286-BA47-448A-A9D1-749C0E063FF0}.Debug|Any CPU.Build.0 = Debug|Any CPU
		{A6F5A286-BA47-448A-A9D1-749C0E063FF0}.Release|Any CPU.ActiveCfg = Release|Any CPU
		{A6F5A286-BA47-448A-A9D1-749C0E063FF0}.Release|Any CPU.Build.0 = Release|Any CPU
		{B1C341F8-F62C-48BE-A657-87E504A149DC}.Debug|Any CPU.ActiveCfg = Debug|Any CPU
		{B1C341F8-F62C-48BE-A657-87E504A149DC}.Debug|Any CPU.Build.0 = Debug|Any CPU
		{B1C341F8-F62C-48BE-A657-87E504A149DC}.Release|Any CPU.ActiveCfg = Release|Any CPU
		{B1C341F8-F62C-48BE-A657-87E504A149DC}.Release|Any CPU.Build.0 = Release|Any CPU
		{35BC06E6-8BCB-4EEB-B2AF-947BCE0BED39}.Debug|Any CPU.ActiveCfg = Debug|Any CPU
		{35BC06E6-8BCB-4EEB-B2AF-947BCE0BED39}.Debug|Any CPU.Build.0 = Debug|Any CPU
		{35BC06E6-8BCB-4EEB-B2AF-947BCE0BED39}.Release|Any CPU.ActiveCfg = Release|Any CPU
		{35BC06E6-8BCB-4EEB-B2AF-947BCE0BED39}.Release|Any CPU.Build.0 = Release|Any CPU
	EndGlobalSection
	GlobalSection(SolutionProperties) = preSolution
		HideSolutionNode = FALSE
	EndGlobalSection
EndGlobal
